// !$*UTF8*$!
{
	archiveVersion = 1;
	classes = {
	};
	objectVersion = 46;
	objects = {

/* Begin PBXBuildFile section */
		1A3C50871CE1E2A700CB1C7F /* personal.plist in Resources */ = {isa = PBXBuildFile; fileRef = 1A3C50861CE1E2A700CB1C7F /* personal.plist */; };
		1A43CCBC1CF1B3A2004CA9AD /* TrainDetailCell.m in Sources */ = {isa = PBXBuildFile; fileRef = 1A43CCBA1CF1B3A2004CA9AD /* TrainDetailCell.m */; };
		1A43CCBD1CF1B3A2004CA9AD /* TrainDetailCell.xib in Resources */ = {isa = PBXBuildFile; fileRef = 1A43CCBB1CF1B3A2004CA9AD /* TrainDetailCell.xib */; };
		1A6ABB041CF092EB00DD1B1D /* Me.storyboard in Resources */ = {isa = PBXBuildFile; fileRef = 1A6ABB031CF092EB00DD1B1D /* Me.storyboard */; };
		1A6ABB081CF098C900DD1B1D /* KeepBarManager.m in Sources */ = {isa = PBXBuildFile; fileRef = 1A6ABB071CF098C900DD1B1D /* KeepBarManager.m */; };
		1A8A8B0E1CF13A7200474DF2 /* TabBarButttonItemInfo.m in Sources */ = {isa = PBXBuildFile; fileRef = 1A8A8B0D1CF13A7200474DF2 /* TabBarButttonItemInfo.m */; };
		1A8A8B111CF1488900474DF2 /* MeNavigationController.m in Sources */ = {isa = PBXBuildFile; fileRef = 1A8A8B101CF1488900474DF2 /* MeNavigationController.m */; };
		1A8A8B131CF14C7000474DF2 /* Train.storyboard in Resources */ = {isa = PBXBuildFile; fileRef = 1A8A8B121CF14C7000474DF2 /* Train.storyboard */; };
		1A8A8B161CF1543900474DF2 /* KeepTabBar.m in Sources */ = {isa = PBXBuildFile; fileRef = 1A8A8B151CF1543900474DF2 /* KeepTabBar.m */; };
		1A8A8B181CF1622A00474DF2 /* Trends.storyboard in Resources */ = {isa = PBXBuildFile; fileRef = 1A8A8B171CF1622A00474DF2 /* Trends.storyboard */; };
		1A8A8B1A1CF1626E00474DF2 /* Discovery.storyboard in Resources */ = {isa = PBXBuildFile; fileRef = 1A8A8B191CF1626E00474DF2 /* Discovery.storyboard */; };
		1A8A8B201CF1630900474DF2 /* DiscoveryViewController.m in Sources */ = {isa = PBXBuildFile; fileRef = 1A8A8B1F1CF1630900474DF2 /* DiscoveryViewController.m */; };
		1A8A8B231CF1648F00474DF2 /* TrendsNavigationController.m in Sources */ = {isa = PBXBuildFile; fileRef = 1A8A8B221CF1648F00474DF2 /* TrendsNavigationController.m */; };
		1A8A8B251CF190D300474DF2 /* trainAssests.xcassets in Resources */ = {isa = PBXBuildFile; fileRef = 1A8A8B241CF190D300474DF2 /* trainAssests.xcassets */; };
		1A8A8B2B1CF1AA3400474DF2 /* TrainTableViewController.m in Sources */ = {isa = PBXBuildFile; fileRef = 1A8A8B2A1CF1AA3400474DF2 /* TrainTableViewController.m */; };
		1A92DC8B1CDE0CC400DFC775 /* UIView+RoundCut.m in Sources */ = {isa = PBXBuildFile; fileRef = 1A92DC8A1CDE0CC400DFC775 /* UIView+RoundCut.m */; };
		1A92DC8E1CDE20AA00DFC775 /* HeadImageViewController.m in Sources */ = {isa = PBXBuildFile; fileRef = 1A92DC8D1CDE20AA00DFC775 /* HeadImageViewController.m */; };
		1AC49DA41CF1B58200A55AC3 /* trainTabel.plist in Resources */ = {isa = PBXBuildFile; fileRef = 1AC49DA31CF1B58200A55AC3 /* trainTabel.plist */; };
		654020071CCC5E1800C6A606 /* PersionalViewController.m in Sources */ = {isa = PBXBuildFile; fileRef = 65401FF71CCC5E1800C6A606 /* PersionalViewController.m */; };
		654020151CCC63A000C6A606 /* TrainNavigationController.m in Sources */ = {isa = PBXBuildFile; fileRef = 654020141CCC63A000C6A606 /* TrainNavigationController.m */; };
		6540202D1CCCE2D400C6A606 /* DynamicCell.m in Sources */ = {isa = PBXBuildFile; fileRef = 6540202C1CCCE2D400C6A606 /* DynamicCell.m */; };
		6590813E1CCDAC86007352EE /* PlainCell.m in Sources */ = {isa = PBXBuildFile; fileRef = 6590813D1CCDAC86007352EE /* PlainCell.m */; };
		659081411CCDACBB007352EE /* HeadCell.m in Sources */ = {isa = PBXBuildFile; fileRef = 659081401CCDACBB007352EE /* HeadCell.m */; };
		6590864F1CC62DE000C08B21 /* main.m in Sources */ = {isa = PBXBuildFile; fileRef = 6590864E1CC62DE000C08B21 /* main.m */; };
		659086521CC62DE000C08B21 /* AppDelegate.m in Sources */ = {isa = PBXBuildFile; fileRef = 659086511CC62DE000C08B21 /* AppDelegate.m */; };
		659086581CC62DE000C08B21 /* Main.storyboard in Resources */ = {isa = PBXBuildFile; fileRef = 659086561CC62DE000C08B21 /* Main.storyboard */; };
		6590865A1CC62DE000C08B21 /* Assets.xcassets in Resources */ = {isa = PBXBuildFile; fileRef = 659086591CC62DE000C08B21 /* Assets.xcassets */; };
		6590865D1CC62DE000C08B21 /* LaunchScreen.storyboard in Resources */ = {isa = PBXBuildFile; fileRef = 6590865B1CC62DE000C08B21 /* LaunchScreen.storyboard */; };
		65992F321CD0A63200D9B34A /* KeepNavigationController.m in Sources */ = {isa = PBXBuildFile; fileRef = 65992F281CD0A63200D9B34A /* KeepNavigationController.m */; };
		65992F331CD0A63200D9B34A /* KeepTabBarController.m in Sources */ = {isa = PBXBuildFile; fileRef = 65992F2A1CD0A63200D9B34A /* KeepTabBarController.m */; };
		65992F341CD0A63200D9B34A /* tabBarButtons.plist in Resources */ = {isa = PBXBuildFile; fileRef = 65992F2C1CD0A63200D9B34A /* tabBarButtons.plist */; };
/* End PBXBuildFile section */

/* Begin PBXFileReference section */
		1A3C50861CE1E2A700CB1C7F /* personal.plist */ = {isa = PBXFileReference; fileEncoding = 4; lastKnownFileType = text.plist.xml; path = personal.plist; sourceTree = "<group>"; };
		1A43CCB91CF1B3A2004CA9AD /* TrainDetailCell.h */ = {isa = PBXFileReference; fileEncoding = 4; lastKnownFileType = sourcecode.c.h; path = TrainDetailCell.h; sourceTree = "<group>"; };
		1A43CCBA1CF1B3A2004CA9AD /* TrainDetailCell.m */ = {isa = PBXFileReference; fileEncoding = 4; lastKnownFileType = sourcecode.c.objc; path = TrainDetailCell.m; sourceTree = "<group>"; };
		1A43CCBB1CF1B3A2004CA9AD /* TrainDetailCell.xib */ = {isa = PBXFileReference; fileEncoding = 4; lastKnownFileType = file.xib; path = TrainDetailCell.xib; sourceTree = "<group>"; };
		1A6ABB031CF092EB00DD1B1D /* Me.storyboard */ = {isa = PBXFileReference; fileEncoding = 4; lastKnownFileType = file.storyboard; path = Me.storyboard; sourceTree = "<group>"; };
		1A6ABB061CF098C900DD1B1D /* KeepBarManager.h */ = {isa = PBXFileReference; fileEncoding = 4; lastKnownFileType = sourcecode.c.h; path = KeepBarManager.h; sourceTree = "<group>"; };
		1A6ABB071CF098C900DD1B1D /* KeepBarManager.m */ = {isa = PBXFileReference; fileEncoding = 4; lastKnownFileType = sourcecode.c.objc; path = KeepBarManager.m; sourceTree = "<group>"; };
		1A8A8B0C1CF13A7200474DF2 /* TabBarButttonItemInfo.h */ = {isa = PBXFileReference; fileEncoding = 4; lastKnownFileType = sourcecode.c.h; path = TabBarButttonItemInfo.h; sourceTree = "<group>"; };
		1A8A8B0D1CF13A7200474DF2 /* TabBarButttonItemInfo.m */ = {isa = PBXFileReference; fileEncoding = 4; lastKnownFileType = sourcecode.c.objc; path = TabBarButttonItemInfo.m; sourceTree = "<group>"; };
		1A8A8B0F1CF1488900474DF2 /* MeNavigationController.h */ = {isa = PBXFileReference; fileEncoding = 4; lastKnownFileType = sourcecode.c.h; path = MeNavigationController.h; sourceTree = "<group>"; };
		1A8A8B101CF1488900474DF2 /* MeNavigationController.m */ = {isa = PBXFileReference; fileEncoding = 4; lastKnownFileType = sourcecode.c.objc; path = MeNavigationController.m; sourceTree = "<group>"; };
		1A8A8B121CF14C7000474DF2 /* Train.storyboard */ = {isa = PBXFileReference; fileEncoding = 4; lastKnownFileType = file.storyboard; path = Train.storyboard; sourceTree = "<group>"; };
		1A8A8B141CF1543900474DF2 /* KeepTabBar.h */ = {isa = PBXFileReference; fileEncoding = 4; lastKnownFileType = sourcecode.c.h; path = KeepTabBar.h; sourceTree = "<group>"; };
		1A8A8B151CF1543900474DF2 /* KeepTabBar.m */ = {isa = PBXFileReference; fileEncoding = 4; lastKnownFileType = sourcecode.c.objc; path = KeepTabBar.m; sourceTree = "<group>"; };
		1A8A8B171CF1622A00474DF2 /* Trends.storyboard */ = {isa = PBXFileReference; fileEncoding = 4; lastKnownFileType = file.storyboard; path = Trends.storyboard; sourceTree = "<group>"; };
		1A8A8B191CF1626E00474DF2 /* Discovery.storyboard */ = {isa = PBXFileReference; fileEncoding = 4; lastKnownFileType = file.storyboard; path = Discovery.storyboard; sourceTree = "<group>"; };
		1A8A8B1E1CF1630900474DF2 /* DiscoveryViewController.h */ = {isa = PBXFileReference; fileEncoding = 4; lastKnownFileType = sourcecode.c.h; path = DiscoveryViewController.h; sourceTree = "<group>"; };
		1A8A8B1F1CF1630900474DF2 /* DiscoveryViewController.m */ = {isa = PBXFileReference; fileEncoding = 4; lastKnownFileType = sourcecode.c.objc; path = DiscoveryViewController.m; sourceTree = "<group>"; };
		1A8A8B211CF1648F00474DF2 /* TrendsNavigationController.h */ = {isa = PBXFileReference; fileEncoding = 4; lastKnownFileType = sourcecode.c.h; path = TrendsNavigationController.h; sourceTree = "<group>"; };
		1A8A8B221CF1648F00474DF2 /* TrendsNavigationController.m */ = {isa = PBXFileReference; fileEncoding = 4; lastKnownFileType = sourcecode.c.objc; path = TrendsNavigationController.m; sourceTree = "<group>"; };
		1A8A8B241CF190D300474DF2 /* trainAssests.xcassets */ = {isa = PBXFileReference; lastKnownFileType = folder.assetcatalog; path = trainAssests.xcassets; sourceTree = "<group>"; };
		1A8A8B291CF1AA3400474DF2 /* TrainTableViewController.h */ = {isa = PBXFileReference; fileEncoding = 4; lastKnownFileType = sourcecode.c.h; path = TrainTableViewController.h; sourceTree = "<group>"; };
		1A8A8B2A1CF1AA3400474DF2 /* TrainTableViewController.m */ = {isa = PBXFileReference; fileEncoding = 4; lastKnownFileType = sourcecode.c.objc; path = TrainTableViewController.m; sourceTree = "<group>"; };
		1A92DC891CDE0CC400DFC775 /* UIView+RoundCut.h */ = {isa = PBXFileReference; fileEncoding = 4; lastKnownFileType = sourcecode.c.h; path = "UIView+RoundCut.h"; sourceTree = "<group>"; };
		1A92DC8A1CDE0CC400DFC775 /* UIView+RoundCut.m */ = {isa = PBXFileReference; fileEncoding = 4; lastKnownFileType = sourcecode.c.objc; path = "UIView+RoundCut.m"; sourceTree = "<group>"; };
		1A92DC8C1CDE20AA00DFC775 /* HeadImageViewController.h */ = {isa = PBXFileReference; fileEncoding = 4; lastKnownFileType = sourcecode.c.h; path = HeadImageViewController.h; sourceTree = "<group>"; };
		1A92DC8D1CDE20AA00DFC775 /* HeadImageViewController.m */ = {isa = PBXFileReference; fileEncoding = 4; lastKnownFileType = sourcecode.c.objc; path = HeadImageViewController.m; sourceTree = "<group>"; };
		1AC49DA31CF1B58200A55AC3 /* trainTabel.plist */ = {isa = PBXFileReference; fileEncoding = 4; lastKnownFileType = text.plist.xml; path = trainTabel.plist; sourceTree = "<group>"; };
		65401FF61CCC5E1800C6A606 /* PersionalViewController.h */ = {isa = PBXFileReference; fileEncoding = 4; lastKnownFileType = sourcecode.c.h; path = PersionalViewController.h; sourceTree = "<group>"; };
		65401FF71CCC5E1800C6A606 /* PersionalViewController.m */ = {isa = PBXFileReference; fileEncoding = 4; lastKnownFileType = sourcecode.c.objc; path = PersionalViewController.m; sourceTree = "<group>"; };
		654020131CCC63A000C6A606 /* TrainNavigationController.h */ = {isa = PBXFileReference; fileEncoding = 4; lastKnownFileType = sourcecode.c.h; path = TrainNavigationController.h; sourceTree = "<group>"; };
		654020141CCC63A000C6A606 /* TrainNavigationController.m */ = {isa = PBXFileReference; fileEncoding = 4; lastKnownFileType = sourcecode.c.objc; path = TrainNavigationController.m; sourceTree = "<group>"; };
		6540202B1CCCE2D400C6A606 /* DynamicCell.h */ = {isa = PBXFileReference; fileEncoding = 4; lastKnownFileType = sourcecode.c.h; path = DynamicCell.h; sourceTree = "<group>"; };
		6540202C1CCCE2D400C6A606 /* DynamicCell.m */ = {isa = PBXFileReference; fileEncoding = 4; lastKnownFileType = sourcecode.c.objc; path = DynamicCell.m; sourceTree = "<group>"; };
		6590813C1CCDAC86007352EE /* PlainCell.h */ = {isa = PBXFileReference; fileEncoding = 4; lastKnownFileType = sourcecode.c.h; path = PlainCell.h; sourceTree = "<group>"; };
		6590813D1CCDAC86007352EE /* PlainCell.m */ = {isa = PBXFileReference; fileEncoding = 4; lastKnownFileType = sourcecode.c.objc; path = PlainCell.m; sourceTree = "<group>"; };
		6590813F1CCDACBB007352EE /* HeadCell.h */ = {isa = PBXFileReference; fileEncoding = 4; lastKnownFileType = sourcecode.c.h; path = HeadCell.h; sourceTree = "<group>"; };
		659081401CCDACBB007352EE /* HeadCell.m */ = {isa = PBXFileReference; fileEncoding = 4; lastKnownFileType = sourcecode.c.objc; path = HeadCell.m; sourceTree = "<group>"; };
		6590864A1CC62DE000C08B21 /* Keep.app */ = {isa = PBXFileReference; explicitFileType = wrapper.application; includeInIndex = 0; path = Keep.app; sourceTree = BUILT_PRODUCTS_DIR; };
		6590864E1CC62DE000C08B21 /* main.m */ = {isa = PBXFileReference; lastKnownFileType = sourcecode.c.objc; path = main.m; sourceTree = "<group>"; };
		659086501CC62DE000C08B21 /* AppDelegate.h */ = {isa = PBXFileReference; lastKnownFileType = sourcecode.c.h; path = AppDelegate.h; sourceTree = "<group>"; };
		659086511CC62DE000C08B21 /* AppDelegate.m */ = {isa = PBXFileReference; lastKnownFileType = sourcecode.c.objc; path = AppDelegate.m; sourceTree = "<group>"; };
		659086571CC62DE000C08B21 /* Base */ = {isa = PBXFileReference; lastKnownFileType = file.storyboard; name = Base; path = Base.lproj/Main.storyboard; sourceTree = "<group>"; };
		659086591CC62DE000C08B21 /* Assets.xcassets */ = {isa = PBXFileReference; lastKnownFileType = folder.assetcatalog; path = Assets.xcassets; sourceTree = "<group>"; };
		6590865C1CC62DE000C08B21 /* Base */ = {isa = PBXFileReference; lastKnownFileType = file.storyboard; name = Base; path = Base.lproj/LaunchScreen.storyboard; sourceTree = "<group>"; };
		6590865E1CC62DE000C08B21 /* Info.plist */ = {isa = PBXFileReference; lastKnownFileType = text.plist.xml; path = Info.plist; sourceTree = "<group>"; };
		65992F271CD0A63200D9B34A /* KeepNavigationController.h */ = {isa = PBXFileReference; fileEncoding = 4; lastKnownFileType = sourcecode.c.h; path = KeepNavigationController.h; sourceTree = "<group>"; };
		65992F281CD0A63200D9B34A /* KeepNavigationController.m */ = {isa = PBXFileReference; fileEncoding = 4; lastKnownFileType = sourcecode.c.objc; path = KeepNavigationController.m; sourceTree = "<group>"; };
		65992F291CD0A63200D9B34A /* KeepTabBarController.h */ = {isa = PBXFileReference; fileEncoding = 4; lastKnownFileType = sourcecode.c.h; path = KeepTabBarController.h; sourceTree = "<group>"; };
		65992F2A1CD0A63200D9B34A /* KeepTabBarController.m */ = {isa = PBXFileReference; fileEncoding = 4; lastKnownFileType = sourcecode.c.objc; path = KeepTabBarController.m; sourceTree = "<group>"; };
		65992F2C1CD0A63200D9B34A /* tabBarButtons.plist */ = {isa = PBXFileReference; fileEncoding = 4; lastKnownFileType = text.plist.xml; path = tabBarButtons.plist; sourceTree = "<group>"; };
/* End PBXFileReference section */

/* Begin PBXFrameworksBuildPhase section */
		659086471CC62DE000C08B21 /* Frameworks */ = {
			isa = PBXFrameworksBuildPhase;
			buildActionMask = 2147483647;
			files = (
			);
			runOnlyForDeploymentPostprocessing = 0;
		};
/* End PBXFrameworksBuildPhase section */

/* Begin PBXGroup section */
		1A6ABB051CF0988500DD1B1D /* Tool */ = {
			isa = PBXGroup;
			children = (
				1A6ABB061CF098C900DD1B1D /* KeepBarManager.h */,
				1A6ABB071CF098C900DD1B1D /* KeepBarManager.m */,
			);
			path = Tool;
			sourceTree = "<group>";
		};
		1A92DC851CDE0BFD00DFC775 /* extension */ = {
			isa = PBXGroup;
			children = (
				1A92DC891CDE0CC400DFC775 /* UIView+RoundCut.h */,
				1A92DC8A1CDE0CC400DFC775 /* UIView+RoundCut.m */,
			);
			path = extension;
			sourceTree = "<group>";
		};
		65401FEE1CCC5E1800C6A606 /* discovery */ = {
			isa = PBXGroup;
			children = (
				65401FEF1CCC5E1800C6A606 /* Controller */,
				65401FF21CCC5E1800C6A606 /* Model */,
				65401FF31CCC5E1800C6A606 /* View */,
			);
			name = discovery;
			path = descovery;
			sourceTree = "<group>";
		};
		65401FEF1CCC5E1800C6A606 /* Controller */ = {
			isa = PBXGroup;
			children = (
				1A8A8B1E1CF1630900474DF2 /* DiscoveryViewController.h */,
				1A8A8B1F1CF1630900474DF2 /* DiscoveryViewController.m */,
			);
			path = Controller;
			sourceTree = "<group>";
		};
		65401FF21CCC5E1800C6A606 /* Model */ = {
			isa = PBXGroup;
			children = (
			);
			path = Model;
			sourceTree = "<group>";
		};
		65401FF31CCC5E1800C6A606 /* View */ = {
			isa = PBXGroup;
			children = (
				1A8A8B191CF1626E00474DF2 /* Discovery.storyboard */,
			);
			path = View;
			sourceTree = "<group>";
		};
		65401FF41CCC5E1800C6A606 /* me */ = {
			isa = PBXGroup;
			children = (
				65401FF51CCC5E1800C6A606 /* Controller */,
				65401FF81CCC5E1800C6A606 /* Model */,
				65401FF91CCC5E1800C6A606 /* View */,
			);
			path = me;
			sourceTree = "<group>";
		};
		65401FF51CCC5E1800C6A606 /* Controller */ = {
			isa = PBXGroup;
			children = (
				1A8A8B0F1CF1488900474DF2 /* MeNavigationController.h */,
				1A8A8B101CF1488900474DF2 /* MeNavigationController.m */,
				65401FF61CCC5E1800C6A606 /* PersionalViewController.h */,
				65401FF71CCC5E1800C6A606 /* PersionalViewController.m */,
				1A92DC8C1CDE20AA00DFC775 /* HeadImageViewController.h */,
				1A92DC8D1CDE20AA00DFC775 /* HeadImageViewController.m */,
			);
			path = Controller;
			sourceTree = "<group>";
		};
		65401FF81CCC5E1800C6A606 /* Model */ = {
			isa = PBXGroup;
			children = (
				1A3C50861CE1E2A700CB1C7F /* personal.plist */,
			);
			path = Model;
			sourceTree = "<group>";
		};
		65401FF91CCC5E1800C6A606 /* View */ = {
			isa = PBXGroup;
			children = (
				6590813F1CCDACBB007352EE /* HeadCell.h */,
				659081401CCDACBB007352EE /* HeadCell.m */,
				6540202B1CCCE2D400C6A606 /* DynamicCell.h */,
				6540202C1CCCE2D400C6A606 /* DynamicCell.m */,
				6590813C1CCDAC86007352EE /* PlainCell.h */,
				6590813D1CCDAC86007352EE /* PlainCell.m */,
				1A6ABB031CF092EB00DD1B1D /* Me.storyboard */,
			);
			path = View;
			sourceTree = "<group>";
		};
		65401FFA1CCC5E1800C6A606 /* train */ = {
			isa = PBXGroup;
			children = (
				65401FFB1CCC5E1800C6A606 /* Controller */,
				65401FFC1CCC5E1800C6A606 /* Model */,
				65401FFF1CCC5E1800C6A606 /* View */,
				1A8A8B241CF190D300474DF2 /* trainAssests.xcassets */,
			);
			path = train;
			sourceTree = "<group>";
		};
		65401FFB1CCC5E1800C6A606 /* Controller */ = {
			isa = PBXGroup;
			children = (
				654020131CCC63A000C6A606 /* TrainNavigationController.h */,
				654020141CCC63A000C6A606 /* TrainNavigationController.m */,
				1A8A8B291CF1AA3400474DF2 /* TrainTableViewController.h */,
				1A8A8B2A1CF1AA3400474DF2 /* TrainTableViewController.m */,
			);
			path = Controller;
			sourceTree = "<group>";
		};
		65401FFC1CCC5E1800C6A606 /* Model */ = {
			isa = PBXGroup;
			children = (
				1AC49DA31CF1B58200A55AC3 /* trainTabel.plist */,
			);
			path = Model;
			sourceTree = "<group>";
		};
		65401FFF1CCC5E1800C6A606 /* View */ = {
			isa = PBXGroup;
			children = (
				1A8A8B121CF14C7000474DF2 /* Train.storyboard */,
				1A43CCB91CF1B3A2004CA9AD /* TrainDetailCell.h */,
				1A43CCBA1CF1B3A2004CA9AD /* TrainDetailCell.m */,
				1A43CCBB1CF1B3A2004CA9AD /* TrainDetailCell.xib */,
			);
			path = View;
			sourceTree = "<group>";
		};
		654020001CCC5E1800C6A606 /* trends */ = {
			isa = PBXGroup;
			children = (
				654020011CCC5E1800C6A606 /* Controller */,
				654020021CCC5E1800C6A606 /* Model */,
				654020051CCC5E1800C6A606 /* View */,
			);
			path = trends;
			sourceTree = "<group>";
		};
		654020011CCC5E1800C6A606 /* Controller */ = {
			isa = PBXGroup;
			children = (
				1A8A8B211CF1648F00474DF2 /* TrendsNavigationController.h */,
				1A8A8B221CF1648F00474DF2 /* TrendsNavigationController.m */,
			);
			path = Controller;
			sourceTree = "<group>";
		};
		654020021CCC5E1800C6A606 /* Model */ = {
			isa = PBXGroup;
			children = (
			);
			path = Model;
			sourceTree = "<group>";
		};
		654020051CCC5E1800C6A606 /* View */ = {
			isa = PBXGroup;
			children = (
				1A8A8B171CF1622A00474DF2 /* Trends.storyboard */,
			);
			path = View;
			sourceTree = "<group>";
		};
		6588D4891CCA388500A8EFE7 /* keepController */ = {
			isa = PBXGroup;
			children = (
				65401FFA1CCC5E1800C6A606 /* train */,
				65401FEE1CCC5E1800C6A606 /* discovery */,
				654020001CCC5E1800C6A606 /* trends */,
				65401FF41CCC5E1800C6A606 /* me */,
			);
			path = keepController;
			sourceTree = "<group>";
		};
		6588D48A1CCA388500A8EFE7 /* keepModel */ = {
			isa = PBXGroup;
			children = (
			);
			path = keepModel;
			sourceTree = "<group>";
		};
		6588D48B1CCA388500A8EFE7 /* keepView */ = {
			isa = PBXGroup;
			children = (
				659086561CC62DE000C08B21 /* Main.storyboard */,
			);
			path = keepView;
			sourceTree = "<group>";
		};
		659086411CC62DE000C08B21 = {
			isa = PBXGroup;
			children = (
				6590864C1CC62DE000C08B21 /* Keep */,
				6590864B1CC62DE000C08B21 /* Products */,
			);
			sourceTree = "<group>";
		};
		6590864B1CC62DE000C08B21 /* Products */ = {
			isa = PBXGroup;
			children = (
				6590864A1CC62DE000C08B21 /* Keep.app */,
			);
			name = Products;
			sourceTree = "<group>";
		};
		6590864C1CC62DE000C08B21 /* Keep */ = {
			isa = PBXGroup;
			children = (
				65992F251CD0A63200D9B34A /* KeepBar */,
				6588D4891CCA388500A8EFE7 /* keepController */,
				6588D48B1CCA388500A8EFE7 /* keepView */,
				6588D48A1CCA388500A8EFE7 /* keepModel */,
				659086591CC62DE000C08B21 /* Assets.xcassets */,
				6590864D1CC62DE000C08B21 /* Supporting Files */,
			);
			path = Keep;
			sourceTree = "<group>";
		};
		6590864D1CC62DE000C08B21 /* Supporting Files */ = {
			isa = PBXGroup;
			children = (
				6590865B1CC62DE000C08B21 /* LaunchScreen.storyboard */,
				1A92DC851CDE0BFD00DFC775 /* extension */,
				659086501CC62DE000C08B21 /* AppDelegate.h */,
				659086511CC62DE000C08B21 /* AppDelegate.m */,
				6590865E1CC62DE000C08B21 /* Info.plist */,
				6590864E1CC62DE000C08B21 /* main.m */,
			);
			name = "Supporting Files";
			sourceTree = "<group>";
		};
		65992F251CD0A63200D9B34A /* KeepBar */ = {
			isa = PBXGroup;
			children = (
				65992F261CD0A63200D9B34A /* Controller */,
				65992F2D1CD0A63200D9B34A /* View */,
				65992F2B1CD0A63200D9B34A /* Model */,
				1A6ABB051CF0988500DD1B1D /* Tool */,
			);
			path = KeepBar;
			sourceTree = "<group>";
		};
		65992F261CD0A63200D9B34A /* Controller */ = {
			isa = PBXGroup;
			children = (
				65992F271CD0A63200D9B34A /* KeepNavigationController.h */,
				65992F281CD0A63200D9B34A /* KeepNavigationController.m */,
				65992F291CD0A63200D9B34A /* KeepTabBarController.h */,
				65992F2A1CD0A63200D9B34A /* KeepTabBarController.m */,
			);
			path = Controller;
			sourceTree = "<group>";
		};
		65992F2B1CD0A63200D9B34A /* Model */ = {
			isa = PBXGroup;
			children = (
				65992F2C1CD0A63200D9B34A /* tabBarButtons.plist */,
				1A8A8B0C1CF13A7200474DF2 /* TabBarButttonItemInfo.h */,
				1A8A8B0D1CF13A7200474DF2 /* TabBarButttonItemInfo.m */,
			);
			path = Model;
			sourceTree = "<group>";
		};
		65992F2D1CD0A63200D9B34A /* View */ = {
			isa = PBXGroup;
			children = (
				1A8A8B141CF1543900474DF2 /* KeepTabBar.h */,
				1A8A8B151CF1543900474DF2 /* KeepTabBar.m */,
			);
			path = View;
			sourceTree = "<group>";
		};
/* End PBXGroup section */

/* Begin PBXNativeTarget section */
		659086491CC62DE000C08B21 /* Keep */ = {
			isa = PBXNativeTarget;
			buildConfigurationList = 659086611CC62DE000C08B21 /* Build configuration list for PBXNativeTarget "Keep" */;
			buildPhases = (
				659086461CC62DE000C08B21 /* Sources */,
				659086471CC62DE000C08B21 /* Frameworks */,
				659086481CC62DE000C08B21 /* Resources */,
			);
			buildRules = (
			);
			dependencies = (
			);
			name = Keep;
			productName = Keep;
			productReference = 6590864A1CC62DE000C08B21 /* Keep.app */;
			productType = "com.apple.product-type.application";
		};
/* End PBXNativeTarget section */

/* Begin PBXProject section */
		659086421CC62DE000C08B21 /* Project object */ = {
			isa = PBXProject;
			attributes = {
				LastUpgradeCheck = 0720;
				ORGANIZATIONNAME = TRRogen;
				TargetAttributes = {
					659086491CC62DE000C08B21 = {
						CreatedOnToolsVersion = 7.2;
						DevelopmentTeam = TVK3LRW768;
					};
				};
			};
			buildConfigurationList = 659086451CC62DE000C08B21 /* Build configuration list for PBXProject "Keep" */;
			compatibilityVersion = "Xcode 3.2";
			developmentRegion = English;
			hasScannedForEncodings = 0;
			knownRegions = (
				en,
				Base,
			);
			mainGroup = 659086411CC62DE000C08B21;
			productRefGroup = 6590864B1CC62DE000C08B21 /* Products */;
			projectDirPath = "";
			projectRoot = "";
			targets = (
				659086491CC62DE000C08B21 /* Keep */,
			);
		};
/* End PBXProject section */

/* Begin PBXResourcesBuildPhase section */
		659086481CC62DE000C08B21 /* Resources */ = {
			isa = PBXResourcesBuildPhase;
			buildActionMask = 2147483647;
			files = (
				1AC49DA41CF1B58200A55AC3 /* trainTabel.plist in Resources */,
				1A8A8B181CF1622A00474DF2 /* Trends.storyboard in Resources */,
				65992F341CD0A63200D9B34A /* tabBarButtons.plist in Resources */,
				1A8A8B1A1CF1626E00474DF2 /* Discovery.storyboard in Resources */,
				1A8A8B251CF190D300474DF2 /* trainAssests.xcassets in Resources */,
				6590865D1CC62DE000C08B21 /* LaunchScreen.storyboard in Resources */,
				1A6ABB041CF092EB00DD1B1D /* Me.storyboard in Resources */,
				6590865A1CC62DE000C08B21 /* Assets.xcassets in Resources */,
				1A8A8B131CF14C7000474DF2 /* Train.storyboard in Resources */,
				1A3C50871CE1E2A700CB1C7F /* personal.plist in Resources */,
				1A43CCBD1CF1B3A2004CA9AD /* TrainDetailCell.xib in Resources */,
				659086581CC62DE000C08B21 /* Main.storyboard in Resources */,
			);
			runOnlyForDeploymentPostprocessing = 0;
		};
/* End PBXResourcesBuildPhase section */

/* Begin PBXSourcesBuildPhase section */
		659086461CC62DE000C08B21 /* Sources */ = {
			isa = PBXSourcesBuildPhase;
			buildActionMask = 2147483647;
			files = (
				1A8A8B0E1CF13A7200474DF2 /* TabBarButttonItemInfo.m in Sources */,
				659086521CC62DE000C08B21 /* AppDelegate.m in Sources */,
				6540202D1CCCE2D400C6A606 /* DynamicCell.m in Sources */,
				1A6ABB081CF098C900DD1B1D /* KeepBarManager.m in Sources */,
				6590864F1CC62DE000C08B21 /* main.m in Sources */,
				1A92DC8B1CDE0CC400DFC775 /* UIView+RoundCut.m in Sources */,
				6590813E1CCDAC86007352EE /* PlainCell.m in Sources */,
				1A92DC8E1CDE20AA00DFC775 /* HeadImageViewController.m in Sources */,
				65992F331CD0A63200D9B34A /* KeepTabBarController.m in Sources */,
				1A8A8B111CF1488900474DF2 /* MeNavigationController.m in Sources */,
				1A43CCBC1CF1B3A2004CA9AD /* TrainDetailCell.m in Sources */,
				1A8A8B161CF1543900474DF2 /* KeepTabBar.m in Sources */,
				65992F321CD0A63200D9B34A /* KeepNavigationController.m in Sources */,
				659081411CCDACBB007352EE /* HeadCell.m in Sources */,
				1A8A8B201CF1630900474DF2 /* DiscoveryViewController.m in Sources */,
				654020071CCC5E1800C6A606 /* PersionalViewController.m in Sources */,
				654020151CCC63A000C6A606 /* TrainNavigationController.m in Sources */,
				1A8A8B231CF1648F00474DF2 /* TrendsNavigationController.m in Sources */,
				1A8A8B2B1CF1AA3400474DF2 /* TrainTableViewController.m in Sources */,
			);
			runOnlyForDeploymentPostprocessing = 0;
		};
/* End PBXSourcesBuildPhase section */

/* Begin PBXVariantGroup section */
		659086561CC62DE000C08B21 /* Main.storyboard */ = {
			isa = PBXVariantGroup;
			children = (
				659086571CC62DE000C08B21 /* Base */,
			);
			name = Main.storyboard;
			path = ..;
			sourceTree = "<group>";
		};
		6590865B1CC62DE000C08B21 /* LaunchScreen.storyboard */ = {
			isa = PBXVariantGroup;
			children = (
				6590865C1CC62DE000C08B21 /* Base */,
			);
			name = LaunchScreen.storyboard;
			sourceTree = "<group>";
		};
/* End PBXVariantGroup section */

/* Begin XCBuildConfiguration section */
		6590865F1CC62DE000C08B21 /* Debug */ = {
			isa = XCBuildConfiguration;
			buildSettings = {
				ALWAYS_SEARCH_USER_PATHS = NO;
				CLANG_CXX_LANGUAGE_STANDARD = "gnu++0x";
				CLANG_CXX_LIBRARY = "libc++";
				CLANG_ENABLE_MODULES = YES;
				CLANG_ENABLE_OBJC_ARC = YES;
				CLANG_WARN_BOOL_CONVERSION = YES;
				CLANG_WARN_CONSTANT_CONVERSION = YES;
				CLANG_WARN_DIRECT_OBJC_ISA_USAGE = YES_ERROR;
				CLANG_WARN_EMPTY_BODY = YES;
				CLANG_WARN_ENUM_CONVERSION = YES;
				CLANG_WARN_INT_CONVERSION = YES;
				CLANG_WARN_OBJC_ROOT_CLASS = YES_ERROR;
				CLANG_WARN_UNREACHABLE_CODE = YES;
				CLANG_WARN__DUPLICATE_METHOD_MATCH = YES;
				"CODE_SIGN_IDENTITY[sdk=iphoneos*]" = "iPhone Developer";
				COPY_PHASE_STRIP = NO;
				DEBUG_INFORMATION_FORMAT = dwarf;
				ENABLE_STRICT_OBJC_MSGSEND = YES;
				ENABLE_TESTABILITY = YES;
				GCC_C_LANGUAGE_STANDARD = gnu99;
				GCC_DYNAMIC_NO_PIC = NO;
				GCC_NO_COMMON_BLOCKS = YES;
				GCC_OPTIMIZATION_LEVEL = 0;
				GCC_PREPROCESSOR_DEFINITIONS = (
					"DEBUG=1",
					"$(inherited)",
				);
				GCC_WARN_64_TO_32_BIT_CONVERSION = YES;
				GCC_WARN_ABOUT_RETURN_TYPE = YES_ERROR;
				GCC_WARN_UNDECLARED_SELECTOR = YES;
				GCC_WARN_UNINITIALIZED_AUTOS = YES_AGGRESSIVE;
				GCC_WARN_UNUSED_FUNCTION = YES;
				GCC_WARN_UNUSED_VARIABLE = YES;
				IPHONEOS_DEPLOYMENT_TARGET = 9.3;
				MTL_ENABLE_DEBUG_INFO = YES;
				ONLY_ACTIVE_ARCH = YES;
				SDKROOT = iphoneos;
			};
			name = Debug;
		};
		659086601CC62DE000C08B21 /* Release */ = {
			isa = XCBuildConfiguration;
			buildSettings = {
				ALWAYS_SEARCH_USER_PATHS = NO;
				CLANG_CXX_LANGUAGE_STANDARD = "gnu++0x";
				CLANG_CXX_LIBRARY = "libc++";
				CLANG_ENABLE_MODULES = YES;
				CLANG_ENABLE_OBJC_ARC = YES;
				CLANG_WARN_BOOL_CONVERSION = YES;
				CLANG_WARN_CONSTANT_CONVERSION = YES;
				CLANG_WARN_DIRECT_OBJC_ISA_USAGE = YES_ERROR;
				CLANG_WARN_EMPTY_BODY = YES;
				CLANG_WARN_ENUM_CONVERSION = YES;
				CLANG_WARN_INT_CONVERSION = YES;
				CLANG_WARN_OBJC_ROOT_CLASS = YES_ERROR;
				CLANG_WARN_UNREACHABLE_CODE = YES;
				CLANG_WARN__DUPLICATE_METHOD_MATCH = YES;
				"CODE_SIGN_IDENTITY[sdk=iphoneos*]" = "iPhone Developer";
				COPY_PHASE_STRIP = NO;
				DEBUG_INFORMATION_FORMAT = "dwarf-with-dsym";
				ENABLE_NS_ASSERTIONS = NO;
				ENABLE_STRICT_OBJC_MSGSEND = YES;
				GCC_C_LANGUAGE_STANDARD = gnu99;
				GCC_NO_COMMON_BLOCKS = YES;
				GCC_WARN_64_TO_32_BIT_CONVERSION = YES;
				GCC_WARN_ABOUT_RETURN_TYPE = YES_ERROR;
				GCC_WARN_UNDECLARED_SELECTOR = YES;
				GCC_WARN_UNINITIALIZED_AUTOS = YES_AGGRESSIVE;
				GCC_WARN_UNUSED_FUNCTION = YES;
				GCC_WARN_UNUSED_VARIABLE = YES;
				IPHONEOS_DEPLOYMENT_TARGET = 9.3;
				MTL_ENABLE_DEBUG_INFO = NO;
				SDKROOT = iphoneos;
				VALIDATE_PRODUCT = YES;
			};
			name = Release;
		};
		659086621CC62DE000C08B21 /* Debug */ = {
			isa = XCBuildConfiguration;
			buildSettings = {
				ASSETCATALOG_COMPILER_APPICON_NAME = AppIcon;
				CODE_SIGN_IDENTITY = "iPhone Developer";
				"CODE_SIGN_IDENTITY[sdk=iphoneos*]" = "iPhone Developer";
				INFOPLIST_FILE = Keep/Info.plist;
				LD_RUNPATH_SEARCH_PATHS = "$(inherited) @executable_path/Frameworks";
				PRODUCT_BUNDLE_IDENTIFIER = Tarena.Keep;
				PRODUCT_NAME = "$(TARGET_NAME)";
				PROVISIONING_PROFILE = "";
			};
			name = Debug;
		};
		659086631CC62DE000C08B21 /* Release */ = {
			isa = XCBuildConfiguration;
			buildSettings = {
				ASSETCATALOG_COMPILER_APPICON_NAME = AppIcon;
				CODE_SIGN_IDENTITY = "iPhone Developer";
				"CODE_SIGN_IDENTITY[sdk=iphoneos*]" = "iPhone Developer";
				INFOPLIST_FILE = Keep/Info.plist;
				LD_RUNPATH_SEARCH_PATHS = "$(inherited) @executable_path/Frameworks";
				PRODUCT_BUNDLE_IDENTIFIER = Tarena.Keep;
				PRODUCT_NAME = "$(TARGET_NAME)";
				PROVISIONING_PROFILE = "";
			};
			name = Release;
		};
/* End XCBuildConfiguration section */

/* Begin XCConfigurationList section */
		659086451CC62DE000C08B21 /* Build configuration list for PBXProject "Keep" */ = {
			isa = XCConfigurationList;
			buildConfigurations = (
				6590865F1CC62DE000C08B21 /* Debug */,
				659086601CC62DE000C08B21 /* Release */,
			);
			defaultConfigurationIsVisible = 0;
			defaultConfigurationName = Release;
		};
		659086611CC62DE000C08B21 /* Build configuration list for PBXNativeTarget "Keep" */ = {
			isa = XCConfigurationList;
			buildConfigurations = (
				659086621CC62DE000C08B21 /* Debug */,
				659086631CC62DE000C08B21 /* Release */,
			);
			defaultConfigurationIsVisible = 0;
			defaultConfigurationName = Release;
		};
/* End XCConfigurationList section */
	};
	rootObject = 659086421CC62DE000C08B21 /* Project object */;
}
