// !$*UTF8*$!
{
	archiveVersion = 1;
	classes = {
	};
	objectVersion = 46;
	objects = {

/* Begin PBXBuildFile section */
		1A592D621CE03BCD00E34A35 /* main.m in Sources */ = {isa = PBXBuildFile; fileRef = 1A592D611CE03BCD00E34A35 /* main.m */; };
		1A592D651CE03BCD00E34A35 /* AppDelegate.m in Sources */ = {isa = PBXBuildFile; fileRef = 1A592D641CE03BCD00E34A35 /* AppDelegate.m */; };
		1A592D6B1CE03BCD00E34A35 /* Main.storyboard in Resources */ = {isa = PBXBuildFile; fileRef = 1A592D691CE03BCD00E34A35 /* Main.storyboard */; };
		1A592D6D1CE03BCD00E34A35 /* Assets.xcassets in Resources */ = {isa = PBXBuildFile; fileRef = 1A592D6C1CE03BCD00E34A35 /* Assets.xcassets */; };
		1A592D701CE03BCD00E34A35 /* LaunchScreen.storyboard in Resources */ = {isa = PBXBuildFile; fileRef = 1A592D6E1CE03BCD00E34A35 /* LaunchScreen.storyboard */; };
		1A592D791CE03C1500E34A35 /* DataContainerGetVC.m in Sources */ = {isa = PBXBuildFile; fileRef = 1A592D781CE03C1500E34A35 /* DataContainerGetVC.m */; };
/* End PBXBuildFile section */

/* Begin PBXFileReference section */
		1A592D5D1CE03BCD00E34A35 /* DataContainer_Path.app */ = {isa = PBXFileReference; explicitFileType = wrapper.application; includeInIndex = 0; path = DataContainer_Path.app; sourceTree = BUILT_PRODUCTS_DIR; };
		1A592D611CE03BCD00E34A35 /* main.m */ = {isa = PBXFileReference; lastKnownFileType = sourcecode.c.objc; path = main.m; sourceTree = "<group>"; };
		1A592D631CE03BCD00E34A35 /* AppDelegate.h */ = {isa = PBXFileReference; lastKnownFileType = sourcecode.c.h; path = AppDelegate.h; sourceTree = "<group>"; };
		1A592D641CE03BCD00E34A35 /* AppDelegate.m */ = {isa = PBXFileReference; lastKnownFileType = sourcecode.c.objc; path = AppDelegate.m; sourceTree = "<group>"; };
		1A592D6A1CE03BCD00E34A35 /* Base */ = {isa = PBXFileReference; lastKnownFileType = file.storyboard; name = Base; path = Base.lproj/Main.storyboard; sourceTree = "<group>"; };
		1A592D6C1CE03BCD00E34A35 /* Assets.xcassets */ = {isa = PBXFileReference; lastKnownFileType = folder.assetcatalog; path = Assets.xcassets; sourceTree = "<group>"; };
		1A592D6F1CE03BCD00E34A35 /* Base */ = {isa = PBXFileReference; lastKnownFileType = file.storyboard; name = Base; path = Base.lproj/LaunchScreen.storyboard; sourceTree = "<group>"; };
		1A592D711CE03BCD00E34A35 /* Info.plist */ = {isa = PBXFileReference; lastKnownFileType = text.plist.xml; path = Info.plist; sourceTree = "<group>"; };
		1A592D771CE03C1500E34A35 /* DataContainerGetVC.h */ = {isa = PBXFileReference; fileEncoding = 4; lastKnownFileType = sourcecode.c.h; path = DataContainerGetVC.h; sourceTree = "<group>"; };
		1A592D781CE03C1500E34A35 /* DataContainerGetVC.m */ = {isa = PBXFileReference; fileEncoding = 4; lastKnownFileType = sourcecode.c.objc; path = DataContainerGetVC.m; sourceTree = "<group>"; };
/* End PBXFileReference section */

/* Begin PBXFrameworksBuildPhase section */
		1A592D5A1CE03BCD00E34A35 /* Frameworks */ = {
			isa = PBXFrameworksBuildPhase;
			buildActionMask = 2147483647;
			files = (
			);
			runOnlyForDeploymentPostprocessing = 0;
		};
/* End PBXFrameworksBuildPhase section */

/* Begin PBXGroup section */
		1A592D541CE03BCD00E34A35 = {
			isa = PBXGroup;
			children = (
				1A592D5F1CE03BCD00E34A35 /* DataContainer_Path */,
				1A592D5E1CE03BCD00E34A35 /* Products */,
			);
			sourceTree = "<group>";
		};
		1A592D5E1CE03BCD00E34A35 /* Products */ = {
			isa = PBXGroup;
			children = (
				1A592D5D1CE03BCD00E34A35 /* DataContainer_Path.app */,
			);
			name = Products;
			sourceTree = "<group>";
		};
		1A592D5F1CE03BCD00E34A35 /* DataContainer_Path */ = {
			isa = PBXGroup;
			children = (
				1A592D631CE03BCD00E34A35 /* AppDelegate.h */,
				1A592D641CE03BCD00E34A35 /* AppDelegate.m */,
				1A592D771CE03C1500E34A35 /* DataContainerGetVC.h */,
				1A592D781CE03C1500E34A35 /* DataContainerGetVC.m */,
				1A592D691CE03BCD00E34A35 /* Main.storyboard */,
				1A592D6C1CE03BCD00E34A35 /* Assets.xcassets */,
				1A592D6E1CE03BCD00E34A35 /* LaunchScreen.storyboard */,
				1A592D711CE03BCD00E34A35 /* Info.plist */,
				1A592D601CE03BCD00E34A35 /* Supporting Files */,
			);
			path = DataContainer_Path;
			sourceTree = "<group>";
		};
		1A592D601CE03BCD00E34A35 /* Supporting Files */ = {
			isa = PBXGroup;
			children = (
				1A592D611CE03BCD00E34A35 /* main.m */,
			);
			name = "Supporting Files";
			sourceTree = "<group>";
		};
/* End PBXGroup section */

/* Begin PBXNativeTarget section */
		1A592D5C1CE03BCD00E34A35 /* DataContainer_Path */ = {
			isa = PBXNativeTarget;
			buildConfigurationList = 1A592D741CE03BCD00E34A35 /* Build configuration list for PBXNativeTarget "DataContainer_Path" */;
			buildPhases = (
				1A592D591CE03BCD00E34A35 /* Sources */,
				1A592D5A1CE03BCD00E34A35 /* Frameworks */,
				1A592D5B1CE03BCD00E34A35 /* Resources */,
			);
			buildRules = (
			);
			dependencies = (
			);
			name = DataContainer_Path;
			productName = DataContainer_Path;
			productReference = 1A592D5D1CE03BCD00E34A35 /* DataContainer_Path.app */;
			productType = "com.apple.product-type.application";
		};
/* End PBXNativeTarget section */

/* Begin PBXProject section */
		1A592D551CE03BCD00E34A35 /* Project object */ = {
			isa = PBXProject;
			attributes = {
				LastUpgradeCheck = 0720;
				ORGANIZATIONNAME = TRRogen;
				TargetAttributes = {
					1A592D5C1CE03BCD00E34A35 = {
						CreatedOnToolsVersion = 7.2;
					};
				};
			};
			buildConfigurationList = 1A592D581CE03BCD00E34A35 /* Build configuration list for PBXProject "DataContainer_Path" */;
			compatibilityVersion = "Xcode 3.2";
			developmentRegion = English;
			hasScannedForEncodings = 0;
			knownRegions = (
				en,
				Base,
			);
			mainGroup = 1A592D541CE03BCD00E34A35;
			productRefGroup = 1A592D5E1CE03BCD00E34A35 /* Products */;
			projectDirPath = "";
			projectRoot = "";
			targets = (
				1A592D5C1CE03BCD00E34A35 /* DataContainer_Path */,
			);
		};
/* End PBXProject section */

/* Begin PBXResourcesBuildPhase section */
		1A592D5B1CE03BCD00E34A35 /* Resources */ = {
			isa = PBXResourcesBuildPhase;
			buildActionMask = 2147483647;
			files = (
				1A592D701CE03BCD00E34A35 /* LaunchScreen.storyboard in Resources */,
				1A592D6D1CE03BCD00E34A35 /* Assets.xcassets in Resources */,
				1A592D6B1CE03BCD00E34A35 /* Main.storyboard in Resources */,
			);
			runOnlyForDeploymentPostprocessing = 0;
		};
/* End PBXResourcesBuildPhase section */

/* Begin PBXSourcesBuildPhase section */
		1A592D591CE03BCD00E34A35 /* Sources */ = {
			isa = PBXSourcesBuildPhase;
			buildActionMask = 2147483647;
			files = (
				1A592D651CE03BCD00E34A35 /* AppDelegate.m in Sources */,
				1A592D621CE03BCD00E34A35 /* main.m in Sources */,
				1A592D791CE03C1500E34A35 /* DataContainerGetVC.m in Sources */,
			);
			runOnlyForDeploymentPostprocessing = 0;
		};
/* End PBXSourcesBuildPhase section */

/* Begin PBXVariantGroup section */
		1A592D691CE03BCD00E34A35 /* Main.storyboard */ = {
			isa = PBXVariantGroup;
			children = (
				1A592D6A1CE03BCD00E34A35 /* Base */,
			);
			name = Main.storyboard;
			sourceTree = "<group>";
		};
		1A592D6E1CE03BCD00E34A35 /* LaunchScreen.storyboard */ = {
			isa = PBXVariantGroup;
			children = (
				1A592D6F1CE03BCD00E34A35 /* Base */,
			);
			name = LaunchScreen.storyboard;
			sourceTree = "<group>";
		};
/* End PBXVariantGroup section */

/* Begin XCBuildConfiguration section */
		1A592D721CE03BCD00E34A35 /* Debug */ = {
			isa = XCBuildConfiguration;
			buildSettings = {
				ALWAYS_SEARCH_USER_PATHS = NO;
				CLANG_CXX_LANGUAGE_STANDARD = "gnu++0x";
				CLANG_CXX_LIBRARY = "libc++";
				CLANG_ENABLE_MODULES = YES;
				CLANG_ENABLE_OBJC_ARC = YES;
				CLANG_WARN_BOOL_CONVERSION = YES;
				CLANG_WARN_CONSTANT_CONVERSION = YES;
				CLANG_WARN_DIRECT_OBJC_ISA_USAGE = YES_ERROR;
				CLANG_WARN_EMPTY_BODY = YES;
				CLANG_WARN_ENUM_CONVERSION = YES;
				CLANG_WARN_INT_CONVERSION = YES;
				CLANG_WARN_OBJC_ROOT_CLASS = YES_ERROR;
				CLANG_WARN_UNREACHABLE_CODE = YES;
				CLANG_WARN__DUPLICATE_METHOD_MATCH = YES;
				"CODE_SIGN_IDENTITY[sdk=iphoneos*]" = "iPhone Developer";
				COPY_PHASE_STRIP = NO;
				DEBUG_INFORMATION_FORMAT = dwarf;
				ENABLE_STRICT_OBJC_MSGSEND = YES;
				ENABLE_TESTABILITY = YES;
				GCC_C_LANGUAGE_STANDARD = gnu99;
				GCC_DYNAMIC_NO_PIC = NO;
				GCC_NO_COMMON_BLOCKS = YES;
				GCC_OPTIMIZATION_LEVEL = 0;
				GCC_PREPROCESSOR_DEFINITIONS = (
					"DEBUG=1",
					"$(inherited)",
				);
				GCC_WARN_64_TO_32_BIT_CONVERSION = YES;
				GCC_WARN_ABOUT_RETURN_TYPE = YES_ERROR;
				GCC_WARN_UNDECLARED_SELECTOR = YES;
				GCC_WARN_UNINITIALIZED_AUTOS = YES_AGGRESSIVE;
				GCC_WARN_UNUSED_FUNCTION = YES;
				GCC_WARN_UNUSED_VARIABLE = YES;
				IPHONEOS_DEPLOYMENT_TARGET = 9.2;
				MTL_ENABLE_DEBUG_INFO = YES;
				ONLY_ACTIVE_ARCH = YES;
				SDKROOT = iphoneos;
				TARGETED_DEVICE_FAMILY = "1,2";
			};
			name = Debug;
		};
		1A592D731CE03BCD00E34A35 /* Release */ = {
			isa = XCBuildConfiguration;
			buildSettings = {
				ALWAYS_SEARCH_USER_PATHS = NO;
				CLANG_CXX_LANGUAGE_STANDARD = "gnu++0x";
				CLANG_CXX_LIBRARY = "libc++";
				CLANG_ENABLE_MODULES = YES;
				CLANG_ENABLE_OBJC_ARC = YES;
				CLANG_WARN_BOOL_CONVERSION = YES;
				CLANG_WARN_CONSTANT_CONVERSION = YES;
				CLANG_WARN_DIRECT_OBJC_ISA_USAGE = YES_ERROR;
				CLANG_WARN_EMPTY_BODY = YES;
				CLANG_WARN_ENUM_CONVERSION = YES;
				CLANG_WARN_INT_CONVERSION = YES;
				CLANG_WARN_OBJC_ROOT_CLASS = YES_ERROR;
				CLANG_WARN_UNREACHABLE_CODE = YES;
				CLANG_WARN__DUPLICATE_METHOD_MATCH = YES;
				"CODE_SIGN_IDENTITY[sdk=iphoneos*]" = "iPhone Developer";
				COPY_PHASE_STRIP = NO;
				DEBUG_INFORMATION_FORMAT = "dwarf-with-dsym";
				ENABLE_NS_ASSERTIONS = NO;
				ENABLE_STRICT_OBJC_MSGSEND = YES;
				GCC_C_LANGUAGE_STANDARD = gnu99;
				GCC_NO_COMMON_BLOCKS = YES;
				GCC_WARN_64_TO_32_BIT_CONVERSION = YES;
				GCC_WARN_ABOUT_RETURN_TYPE = YES_ERROR;
				GCC_WARN_UNDECLARED_SELECTOR = YES;
				GCC_WARN_UNINITIALIZED_AUTOS = YES_AGGRESSIVE;
				GCC_WARN_UNUSED_FUNCTION = YES;
				GCC_WARN_UNUSED_VARIABLE = YES;
				IPHONEOS_DEPLOYMENT_TARGET = 9.2;
				MTL_ENABLE_DEBUG_INFO = NO;
				SDKROOT = iphoneos;
				TARGETED_DEVICE_FAMILY = "1,2";
				VALIDATE_PRODUCT = YES;
			};
			name = Release;
		};
		1A592D751CE03BCD00E34A35 /* Debug */ = {
			isa = XCBuildConfiguration;
			buildSettings = {
				ASSETCATALOG_COMPILER_APPICON_NAME = AppIcon;
				INFOPLIST_FILE = DataContainer_Path/Info.plist;
				LD_RUNPATH_SEARCH_PATHS = "$(inherited) @executable_path/Frameworks";
				PRODUCT_BUNDLE_IDENTIFIER = "tarena.DataContainer-Path";
				PRODUCT_NAME = "$(TARGET_NAME)";
			};
			name = Debug;
		};
		1A592D761CE03BCD00E34A35 /* Release */ = {
			isa = XCBuildConfiguration;
			buildSettings = {
				ASSETCATALOG_COMPILER_APPICON_NAME = AppIcon;
				INFOPLIST_FILE = DataContainer_Path/Info.plist;
				LD_RUNPATH_SEARCH_PATHS = "$(inherited) @executable_path/Frameworks";
				PRODUCT_BUNDLE_IDENTIFIER = "tarena.DataContainer-Path";
				PRODUCT_NAME = "$(TARGET_NAME)";
			};
			name = Release;
		};
/* End XCBuildConfiguration section */

/* Begin XCConfigurationList section */
		1A592D581CE03BCD00E34A35 /* Build configuration list for PBXProject "DataContainer_Path" */ = {
			isa = XCConfigurationList;
			buildConfigurations = (
				1A592D721CE03BCD00E34A35 /* Debug */,
				1A592D731CE03BCD00E34A35 /* Release */,
			);
			defaultConfigurationIsVisible = 0;
			defaultConfigurationName = Release;
		};
		1A592D741CE03BCD00E34A35 /* Build configuration list for PBXNativeTarget "DataContainer_Path" */ = {
			isa = XCConfigurationList;
			buildConfigurations = (
				1A592D751CE03BCD00E34A35 /* Debug */,
				1A592D761CE03BCD00E34A35 /* Release */,
			);
			defaultConfigurationIsVisible = 0;
			defaultConfigurationName = Release;
		};
/* End XCConfigurationList section */
	};
	rootObject = 1A592D551CE03BCD00E34A35 /* Project object */;
}
